
Microsoft Visual Studio Solution File, Format Version 12.00
# Visual Studio Version 17
VisualStudioVersion = 17.14.36310.24 d17.14
MinimumVisualStudioVersion = 10.0.40219.1
Project("{FAE04EC0-301F-11D3-BF4B-00C04F79EFBC}") = "Einfache Taschenrechner", "Einfache Taschenrechner\Einfache Taschenrechner.csproj", "{71A562D4-53B5-438D-91B8-64EEB358B98F}"
EndProject
Global
	GlobalSection(SolutionConfigurationPlatforms) = preSolution
		Debug|Any CPU = Debug|Any CPU
		Release|Any CPU = Release|Any CPU
	EndGlobalSection
	GlobalSection(ProjectConfigurationPlatforms) = postSolution
		{71A562D4-53B5-438D-91B8-64EEB358B98F}.Debug|Any CPU.ActiveCfg = Debug|Any CPU
		{71A562D4-53B5-438D-91B8-64EEB358B98F}.Debug|Any CPU.Build.0 = Debug|Any CPU
		{71A562D4-53B5-438D-91B8-64EEB358B98F}.Release|Any CPU.ActiveCfg = Release|Any CPU
		{71A562D4-53B5-438D-91B8-64EEB358B98F}.Release|Any CPU.Build.0 = Release|Any CPU
	EndGlobalSection
	GlobalSection(SolutionProperties) = preSolution
		HideSolutionNode = FALSE
	EndGlobalSection
	GlobalSection(ExtensibilityGlobals) = postSolution
		SolutionGuid = {2A756064-B448-4C52-91DC-6DBD56CA3207}
	EndGlobalSection
EndGlobal
